
Microsoft Visual Studio Solution File, Format Version 12.00
# Visual Studio 15
VisualStudioVersion = 15.0.28010.2016
MinimumVisualStudioVersion = 10.0.40219.1
Project("{FAE04EC0-301F-11D3-BF4B-00C04F79EFBC}") = "Excercise3", "Excercise3\Excercise3.csproj", "{249D7EF4-E2F2-4736-9A87-5F48B28C8D3A}"
EndProject
Global
	GlobalSection(SolutionConfigurationPlatforms) = preSolution
		Debug|Any CPU = Debug|Any CPU
		Release|Any CPU = Release|Any CPU
	EndGlobalSection
	GlobalSection(ProjectConfigurationPlatforms) = postSolution
		{249D7EF4-E2F2-4736-9A87-5F48B28C8D3A}.Debug|Any CPU.ActiveCfg = Debug|Any CPU
		{249D7EF4-E2F2-4736-9A87-5F48B28C8D3A}.Debug|Any CPU.Build.0 = Debug|Any CPU
		{249D7EF4-E2F2-4736-9A87-5F48B28C8D3A}.Release|Any CPU.ActiveCfg = Release|Any CPU
		{249D7EF4-E2F2-4736-9A87-5F48B28C8D3A}.Release|Any CPU.Build.0 = Release|Any CPU
	EndGlobalSection
	GlobalSection(SolutionProperties) = preSolution
		HideSolutionNode = FALSE
	EndGlobalSection
	GlobalSection(ExtensibilityGlobals) = postSolution
		SolutionGuid = {05A287EB-674C-49F6-9296-65265C20A490}
	EndGlobalSection
EndGlobal
